
Microsoft Visual Studio Solution File, Format Version 12.00
# Visual Studio Version 17
VisualStudioVersion = 17.5.33530.505
MinimumVisualStudioVersion = 10.0.40219.1
Project("{FAE04EC0-301F-11D3-BF4B-00C04F79EFBC}") = "Inventory", "Inventory\Inventory.csproj", "{C8E20E33-0CED-43F7-943B-ABBC8354DBFB}"
EndProject
Global
	GlobalSection(SolutionConfigurationPlatforms) = preSolution
		Debug|Any CPU = Debug|Any CPU
		Release|Any CPU = Release|Any CPU
	EndGlobalSection
	GlobalSection(ProjectConfigurationPlatforms) = postSolution
		{C8E20E33-0CED-43F7-943B-ABBC8354DBFB}.Debug|Any CPU.ActiveCfg = Debug|Any CPU
		{C8E20E33-0CED-43F7-943B-ABBC8354DBFB}.Debug|Any CPU.Build.0 = Debug|Any CPU
		{C8E20E33-0CED-43F7-943B-ABBC8354DBFB}.Release|Any CPU.ActiveCfg = Release|Any CPU
		{C8E20E33-0CED-43F7-943B-ABBC8354DBFB}.Release|Any CPU.Build.0 = Release|Any CPU
	EndGlobalSection
	GlobalSection(SolutionProperties) = preSolution
		HideSolutionNode = FALSE
	EndGlobalSection
	GlobalSection(ExtensibilityGlobals) = postSolution
		SolutionGuid = {B7A07C9F-B944-439E-B98A-8D39F13C106E}
	EndGlobalSection
EndGlobal
